{
  "name": "thread-wasm-poc",
  "version": "0.1.0",
  "lockfileVersion": 3,
  "requires": true,
  "packages": {
    "": {
      "name": "thread-wasm-poc",
      "version": "0.1.0",
      "license": "ISC",
      "devDependencies": {
        "@jdmichaud/wasm-toolkit": "file:../../projects/wasm-toolkit/jdmichaud-wasm-toolkit-19.0.0.tgz"
      }
    },
    "node_modules/@jdmichaud/wasm-toolkit": {
      "version": "19.0.0",
      "resolved": "file:../../projects/wasm-toolkit/jdmichaud-wasm-toolkit-19.0.0.tgz",
      "integrity": "sha512-ND7npPcFqP21ybPzZ9qCIApRmbgwT36bLZ2IC6r3mU1MOuBaNGnbVisvQ13UgIswFo3VxxhNQ9go/u+kv8Dj0Q==",
      "dev": true,
      "hasInstallScript": true,
      "license": "MIT",
      "engines": {
        "node": ">=14.8.0",
        "npm": ">=6.14.7"
      }
    }
  }
}
